{
  "object": {
    "pins": [
      {
        "package": "WeakMapTable",
        "repositoryURL": "https://github.com/ReactorKit/WeakMapTable.git",
        "state": {
          "branch": null,
          "revision": "eda6ba374666bb2177034b6418025103cc72bcbf",
          "version": "1.1.0"
        }
      }
    ]
  },
  "version": 1
}
