// !$*UTF8*$!
{
	archiveVersion = 1;
	classes = {
	};
	objectVersion = 50;
	objects = {

/* Begin PBXBuildFile section */
		F662881924653BBB00D643A8 /* CombineReactor.framework in Frameworks */ = {isa = PBXBuildFile; fileRef = F662880F24653BBA00D643A8 /* CombineReactor.framework */; };
		F662881E24653BBB00D643A8 /* CombineReactorTests.swift in Sources */ = {isa = PBXBuildFile; fileRef = F662881D24653BBB00D643A8 /* CombineReactorTests.swift */; };
		F662882024653BBB00D643A8 /* CombineReactor.h in Headers */ = {isa = PBXBuildFile; fileRef = F662881224653BBA00D643A8 /* CombineReactor.h */; settings = {ATTRIBUTES = (Public, ); }; };
		F662886424653EAB00D643A8 /* ReactorRuntime.h in Headers */ = {isa = PBXBuildFile; fileRef = F662885924653EAB00D643A8 /* ReactorRuntime.h */; };
		F662886524653EAB00D643A8 /* ReactorRuntime.m in Sources */ = {isa = PBXBuildFile; fileRef = F662885A24653EAB00D643A8 /* ReactorRuntime.m */; };
		F662886624653EAB00D643A8 /* View.swift in Sources */ = {isa = PBXBuildFile; fileRef = F662885C24653EAB00D643A8 /* View.swift */; };
		F662886724653EAB00D643A8 /* StoryBoardView.swift in Sources */ = {isa = PBXBuildFile; fileRef = F662885D24653EAB00D643A8 /* StoryBoardView.swift */; };
		F662886824653EAB00D643A8 /* ReplaySubject.swift in Sources */ = {isa = PBXBuildFile; fileRef = F662885E24653EAB00D643A8 /* ReplaySubject.swift */; };
		F662886924653EAB00D643A8 /* ReplaySubjectSubscription.swift in Sources */ = {isa = PBXBuildFile; fileRef = F662885F24653EAB00D643A8 /* ReplaySubjectSubscription.swift */; };
		F662886A24653EAB00D643A8 /* Combine+Extensions.swift in Sources */ = {isa = PBXBuildFile; fileRef = F662886024653EAB00D643A8 /* Combine+Extensions.swift */; };
		F662886B24653EAB00D643A8 /* Reactor.swift in Sources */ = {isa = PBXBuildFile; fileRef = F662886124653EAB00D643A8 /* Reactor.swift */; };
		F662886C24653EAB00D643A8 /* Binder.swift in Sources */ = {isa = PBXBuildFile; fileRef = F662886224653EAB00D643A8 /* Binder.swift */; };
		F662886D24653EAB00D643A8 /* ReactiveCompatible.swift in Sources */ = {isa = PBXBuildFile; fileRef = F662886324653EAB00D643A8 /* ReactiveCompatible.swift */; };
		F662886F24653EB900D643A8 /* Reactive.swift in Sources */ = {isa = PBXBuildFile; fileRef = F662886E24653EB900D643A8 /* Reactive.swift */; };
/* End PBXBuildFile section */

/* Begin PBXContainerItemProxy section */
		F662881A24653BBB00D643A8 /* PBXContainerItemProxy */ = {
			isa = PBXContainerItemProxy;
			containerPortal = F662880624653BBA00D643A8 /* Project object */;
			proxyType = 1;
			remoteGlobalIDString = F662880E24653BBA00D643A8;
			remoteInfo = CombineReactor;
		};
/* End PBXContainerItemProxy section */

/* Begin PBXFileReference section */
		F662880F24653BBA00D643A8 /* CombineReactor.framework */ = {isa = PBXFileReference; explicitFileType = wrapper.framework; includeInIndex = 0; path = CombineReactor.framework; sourceTree = BUILT_PRODUCTS_DIR; };
		F662881224653BBA00D643A8 /* CombineReactor.h */ = {isa = PBXFileReference; lastKnownFileType = sourcecode.c.h; path = CombineReactor.h; sourceTree = "<group>"; };
		F662881324653BBA00D643A8 /* Info.plist */ = {isa = PBXFileReference; lastKnownFileType = text.plist.xml; path = Info.plist; sourceTree = "<group>"; };
		F662881824653BBB00D643A8 /* CombineReactorTests.xctest */ = {isa = PBXFileReference; explicitFileType = wrapper.cfbundle; includeInIndex = 0; path = CombineReactorTests.xctest; sourceTree = BUILT_PRODUCTS_DIR; };
		F662881D24653BBB00D643A8 /* CombineReactorTests.swift */ = {isa = PBXFileReference; lastKnownFileType = sourcecode.swift; path = CombineReactorTests.swift; sourceTree = "<group>"; };
		F662881F24653BBB00D643A8 /* Info.plist */ = {isa = PBXFileReference; lastKnownFileType = text.plist.xml; path = Info.plist; sourceTree = "<group>"; };
		F662885924653EAB00D643A8 /* ReactorRuntime.h */ = {isa = PBXFileReference; fileEncoding = 4; lastKnownFileType = sourcecode.c.h; path = ReactorRuntime.h; sourceTree = "<group>"; };
		F662885A24653EAB00D643A8 /* ReactorRuntime.m */ = {isa = PBXFileReference; fileEncoding = 4; lastKnownFileType = sourcecode.c.objc; path = ReactorRuntime.m; sourceTree = "<group>"; };
		F662885C24653EAB00D643A8 /* View.swift */ = {isa = PBXFileReference; fileEncoding = 4; lastKnownFileType = sourcecode.swift; path = View.swift; sourceTree = "<group>"; };
		F662885D24653EAB00D643A8 /* StoryBoardView.swift */ = {isa = PBXFileReference; fileEncoding = 4; lastKnownFileType = sourcecode.swift; path = StoryBoardView.swift; sourceTree = "<group>"; };
		F662885E24653EAB00D643A8 /* ReplaySubject.swift */ = {isa = PBXFileReference; fileEncoding = 4; lastKnownFileType = sourcecode.swift; path = ReplaySubject.swift; sourceTree = "<group>"; };
		F662885F24653EAB00D643A8 /* ReplaySubjectSubscription.swift */ = {isa = PBXFileReference; fileEncoding = 4; lastKnownFileType = sourcecode.swift; path = ReplaySubjectSubscription.swift; sourceTree = "<group>"; };
		F662886024653EAB00D643A8 /* Combine+Extensions.swift */ = {isa = PBXFileReference; fileEncoding = 4; lastKnownFileType = sourcecode.swift; path = "Combine+Extensions.swift"; sourceTree = "<group>"; };
		F662886124653EAB00D643A8 /* Reactor.swift */ = {isa = PBXFileReference; fileEncoding = 4; lastKnownFileType = sourcecode.swift; path = Reactor.swift; sourceTree = "<group>"; };
		F662886224653EAB00D643A8 /* Binder.swift */ = {isa = PBXFileReference; fileEncoding = 4; lastKnownFileType = sourcecode.swift; path = Binder.swift; sourceTree = "<group>"; };
		F662886324653EAB00D643A8 /* ReactiveCompatible.swift */ = {isa = PBXFileReference; fileEncoding = 4; lastKnownFileType = sourcecode.swift; path = ReactiveCompatible.swift; sourceTree = "<group>"; };
		F662886E24653EB900D643A8 /* Reactive.swift */ = {isa = PBXFileReference; lastKnownFileType = sourcecode.swift; path = Reactive.swift; sourceTree = "<group>"; };
/* End PBXFileReference section */

/* Begin PBXFrameworksBuildPhase section */
		F662880C24653BBA00D643A8 /* Frameworks */ = {
			isa = PBXFrameworksBuildPhase;
			buildActionMask = 2147483647;
			files = (
			);
			runOnlyForDeploymentPostprocessing = 0;
		};
		F662881524653BBB00D643A8 /* Frameworks */ = {
			isa = PBXFrameworksBuildPhase;
			buildActionMask = 2147483647;
			files = (
				F662881924653BBB00D643A8 /* CombineReactor.framework in Frameworks */,
			);
			runOnlyForDeploymentPostprocessing = 0;
		};
/* End PBXFrameworksBuildPhase section */

/* Begin PBXGroup section */
		64797971E455B84BAF395565 /* Pods */ = {
			isa = PBXGroup;
			children = (
			);
			path = Pods;
			sourceTree = "<group>";
		};
		F662880524653BBA00D643A8 = {
			isa = PBXGroup;
			children = (
				F662881124653BBA00D643A8 /* CombineReactor */,
				F662881C24653BBB00D643A8 /* CombineReactorTests */,
				F662881024653BBA00D643A8 /* Products */,
				64797971E455B84BAF395565 /* Pods */,
			);
			sourceTree = "<group>";
		};
		F662881024653BBA00D643A8 /* Products */ = {
			isa = PBXGroup;
			children = (
				F662880F24653BBA00D643A8 /* CombineReactor.framework */,
				F662881824653BBB00D643A8 /* CombineReactorTests.xctest */,
			);
			name = Products;
			sourceTree = "<group>";
		};
		F662881124653BBA00D643A8 /* CombineReactor */ = {
			isa = PBXGroup;
			children = (
				F662885B24653EAB00D643A8 /* Core */,
				F662885724653EAB00D643A8 /* Runtime */,
				F662881224653BBA00D643A8 /* CombineReactor.h */,
				F662881324653BBA00D643A8 /* Info.plist */,
			);
			path = CombineReactor;
			sourceTree = "<group>";
		};
		F662881C24653BBB00D643A8 /* CombineReactorTests */ = {
			isa = PBXGroup;
			children = (
				F662881D24653BBB00D643A8 /* CombineReactorTests.swift */,
				F662881F24653BBB00D643A8 /* Info.plist */,
			);
			path = CombineReactorTests;
			sourceTree = "<group>";
		};
		F662885724653EAB00D643A8 /* Runtime */ = {
			isa = PBXGroup;
			children = (
				F662885824653EAB00D643A8 /* include */,
				F662885A24653EAB00D643A8 /* ReactorRuntime.m */,
			);
			path = Runtime;
			sourceTree = "<group>";
		};
		F662885824653EAB00D643A8 /* include */ = {
			isa = PBXGroup;
			children = (
				F662885924653EAB00D643A8 /* ReactorRuntime.h */,
			);
			path = include;
			sourceTree = "<group>";
		};
		F662885B24653EAB00D643A8 /* Core */ = {
			isa = PBXGroup;
			children = (
				F662885C24653EAB00D643A8 /* View.swift */,
				F662885D24653EAB00D643A8 /* StoryBoardView.swift */,
				F662885E24653EAB00D643A8 /* ReplaySubject.swift */,
				F662885F24653EAB00D643A8 /* ReplaySubjectSubscription.swift */,
				F662886024653EAB00D643A8 /* Combine+Extensions.swift */,
				F662886124653EAB00D643A8 /* Reactor.swift */,
				F662886224653EAB00D643A8 /* Binder.swift */,
				F662886324653EAB00D643A8 /* ReactiveCompatible.swift */,
				F662886E24653EB900D643A8 /* Reactive.swift */,
			);
			path = Core;
			sourceTree = "<group>";
		};
/* End PBXGroup section */

/* Begin PBXHeadersBuildPhase section */
		F662880A24653BBA00D643A8 /* Headers */ = {
			isa = PBXHeadersBuildPhase;
			buildActionMask = 2147483647;
			files = (
				F662886424653EAB00D643A8 /* ReactorRuntime.h in Headers */,
				F662882024653BBB00D643A8 /* CombineReactor.h in Headers */,
			);
			runOnlyForDeploymentPostprocessing = 0;
		};
/* End PBXHeadersBuildPhase section */

/* Begin PBXNativeTarget section */
		F662880E24653BBA00D643A8 /* CombineReactor */ = {
			isa = PBXNativeTarget;
			buildConfigurationList = F662882324653BBB00D643A8 /* Build configuration list for PBXNativeTarget "CombineReactor" */;
			buildPhases = (
				F662880A24653BBA00D643A8 /* Headers */,
				F662880B24653BBA00D643A8 /* Sources */,
				F662880C24653BBA00D643A8 /* Frameworks */,
				F662880D24653BBA00D643A8 /* Resources */,
			);
			buildRules = (
			);
			dependencies = (
			);
			name = CombineReactor;
			productName = CombineReactor;
			productReference = F662880F24653BBA00D643A8 /* CombineReactor.framework */;
			productType = "com.apple.product-type.framework";
		};
		F662881724653BBB00D643A8 /* CombineReactorTests */ = {
			isa = PBXNativeTarget;
			buildConfigurationList = F662882624653BBB00D643A8 /* Build configuration list for PBXNativeTarget "CombineReactorTests" */;
			buildPhases = (
				F662881424653BBB00D643A8 /* Sources */,
				F662881524653BBB00D643A8 /* Frameworks */,
				F662881624653BBB00D643A8 /* Resources */,
			);
			buildRules = (
			);
			dependencies = (
				F662881B24653BBB00D643A8 /* PBXTargetDependency */,
			);
			name = CombineReactorTests;
			productName = CombineReactorTests;
			productReference = F662881824653BBB00D643A8 /* CombineReactorTests.xctest */;
			productType = "com.apple.product-type.bundle.unit-test";
		};
/* End PBXNativeTarget section */

/* Begin PBXProject section */
		F662880624653BBA00D643A8 /* Project object */ = {
			isa = PBXProject;
			attributes = {
				LastSwiftUpdateCheck = 1140;
				LastUpgradeCheck = 1140;
				TargetAttributes = {
					F662880E24653BBA00D643A8 = {
						CreatedOnToolsVersion = 11.4.1;
					};
					F662881724653BBB00D643A8 = {
						CreatedOnToolsVersion = 11.4.1;
					};
				};
			};
			buildConfigurationList = F662880924653BBA00D643A8 /* Build configuration list for PBXProject "CombineReactor" */;
			compatibilityVersion = "Xcode 9.3";
			developmentRegion = en;
			hasScannedForEncodings = 0;
			knownRegions = (
				en,
				Base,
			);
			mainGroup = F662880524653BBA00D643A8;
			productRefGroup = F662881024653BBA00D643A8 /* Products */;
			projectDirPath = "";
			projectRoot = "";
			targets = (
				F662880E24653BBA00D643A8 /* CombineReactor */,
				F662881724653BBB00D643A8 /* CombineReactorTests */,
			);
		};
/* End PBXProject section */

/* Begin PBXResourcesBuildPhase section */
		F662880D24653BBA00D643A8 /* Resources */ = {
			isa = PBXResourcesBuildPhase;
			buildActionMask = 2147483647;
			files = (
			);
			runOnlyForDeploymentPostprocessing = 0;
		};
		F662881624653BBB00D643A8 /* Resources */ = {
			isa = PBXResourcesBuildPhase;
			buildActionMask = 2147483647;
			files = (
			);
			runOnlyForDeploymentPostprocessing = 0;
		};
/* End PBXResourcesBuildPhase section */

/* Begin PBXSourcesBuildPhase section */
		F662880B24653BBA00D643A8 /* Sources */ = {
			isa = PBXSourcesBuildPhase;
			buildActionMask = 2147483647;
			files = (
				F662886624653EAB00D643A8 /* View.swift in Sources */,
				F662886A24653EAB00D643A8 /* Combine+Extensions.swift in Sources */,
				F662886B24653EAB00D643A8 /* Reactor.swift in Sources */,
				F662886C24653EAB00D643A8 /* Binder.swift in Sources */,
				F662886F24653EB900D643A8 /* Reactive.swift in Sources */,
				F662886524653EAB00D643A8 /* ReactorRuntime.m in Sources */,
				F662886924653EAB00D643A8 /* ReplaySubjectSubscription.swift in Sources */,
				F662886724653EAB00D643A8 /* StoryBoardView.swift in Sources */,
				F662886D24653EAB00D643A8 /* ReactiveCompatible.swift in Sources */,
				F662886824653EAB00D643A8 /* ReplaySubject.swift in Sources */,
			);
			runOnlyForDeploymentPostprocessing = 0;
		};
		F662881424653BBB00D643A8 /* Sources */ = {
			isa = PBXSourcesBuildPhase;
			buildActionMask = 2147483647;
			files = (
				F662881E24653BBB00D643A8 /* CombineReactorTests.swift in Sources */,
			);
			runOnlyForDeploymentPostprocessing = 0;
		};
/* End PBXSourcesBuildPhase section */

/* Begin PBXTargetDependency section */
		F662881B24653BBB00D643A8 /* PBXTargetDependency */ = {
			isa = PBXTargetDependency;
			target = F662880E24653BBA00D643A8 /* CombineReactor */;
			targetProxy = F662881A24653BBB00D643A8 /* PBXContainerItemProxy */;
		};
/* End PBXTargetDependency section */

/* Begin XCBuildConfiguration section */
		F662882124653BBB00D643A8 /* Debug */ = {
			isa = XCBuildConfiguration;
			buildSettings = {
				ALWAYS_SEARCH_USER_PATHS = NO;
				CLANG_ANALYZER_NONNULL = YES;
				CLANG_ANALYZER_NUMBER_OBJECT_CONVERSION = YES_AGGRESSIVE;
				CLANG_CXX_LANGUAGE_STANDARD = "gnu++14";
				CLANG_CXX_LIBRARY = "libc++";
				CLANG_ENABLE_MODULES = YES;
				CLANG_ENABLE_OBJC_ARC = YES;
				CLANG_ENABLE_OBJC_WEAK = YES;
				CLANG_WARN_BLOCK_CAPTURE_AUTORELEASING = YES;
				CLANG_WARN_BOOL_CONVERSION = YES;
				CLANG_WARN_COMMA = YES;
				CLANG_WARN_CONSTANT_CONVERSION = YES;
				CLANG_WARN_DEPRECATED_OBJC_IMPLEMENTATIONS = YES;
				CLANG_WARN_DIRECT_OBJC_ISA_USAGE = YES_ERROR;
				CLANG_WARN_DOCUMENTATION_COMMENTS = YES;
				CLANG_WARN_EMPTY_BODY = YES;
				CLANG_WARN_ENUM_CONVERSION = YES;
				CLANG_WARN_INFINITE_RECURSION = YES;
				CLANG_WARN_INT_CONVERSION = YES;
				CLANG_WARN_NON_LITERAL_NULL_CONVERSION = YES;
				CLANG_WARN_OBJC_IMPLICIT_RETAIN_SELF = YES;
				CLANG_WARN_OBJC_LITERAL_CONVERSION = YES;
				CLANG_WARN_OBJC_ROOT_CLASS = YES_ERROR;
				CLANG_WARN_RANGE_LOOP_ANALYSIS = YES;
				CLANG_WARN_STRICT_PROTOTYPES = YES;
				CLANG_WARN_SUSPICIOUS_MOVE = YES;
				CLANG_WARN_UNGUARDED_AVAILABILITY = YES_AGGRESSIVE;
				CLANG_WARN_UNREACHABLE_CODE = YES;
				CLANG_WARN__DUPLICATE_METHOD_MATCH = YES;
				COPY_PHASE_STRIP = NO;
				CURRENT_PROJECT_VERSION = 1;
				DEBUG_INFORMATION_FORMAT = dwarf;
				ENABLE_STRICT_OBJC_MSGSEND = YES;
				ENABLE_TESTABILITY = YES;
				GCC_C_LANGUAGE_STANDARD = gnu11;
				GCC_DYNAMIC_NO_PIC = NO;
				GCC_NO_COMMON_BLOCKS = YES;
				GCC_OPTIMIZATION_LEVEL = 0;
				GCC_PREPROCESSOR_DEFINITIONS = (
					"DEBUG=1",
					"$(inherited)",
				);
				GCC_WARN_64_TO_32_BIT_CONVERSION = YES;
				GCC_WARN_ABOUT_RETURN_TYPE = YES_ERROR;
				GCC_WARN_UNDECLARED_SELECTOR = YES;
				GCC_WARN_UNINITIALIZED_AUTOS = YES_AGGRESSIVE;
				GCC_WARN_UNUSED_FUNCTION = YES;
				GCC_WARN_UNUSED_VARIABLE = YES;
				IPHONEOS_DEPLOYMENT_TARGET = 13.4;
				MTL_ENABLE_DEBUG_INFO = INCLUDE_SOURCE;
				MTL_FAST_MATH = YES;
				ONLY_ACTIVE_ARCH = YES;
				SDKROOT = iphoneos;
				SWIFT_ACTIVE_COMPILATION_CONDITIONS = DEBUG;
				SWIFT_OPTIMIZATION_LEVEL = "-Onone";
				VERSIONING_SYSTEM = "apple-generic";
				VERSION_INFO_PREFIX = "";
			};
			name = Debug;
		};
		F662882224653BBB00D643A8 /* Release */ = {
			isa = XCBuildConfiguration;
			buildSettings = {
				ALWAYS_SEARCH_USER_PATHS = NO;
				CLANG_ANALYZER_NONNULL = YES;
				CLANG_ANALYZER_NUMBER_OBJECT_CONVERSION = YES_AGGRESSIVE;
				CLANG_CXX_LANGUAGE_STANDARD = "gnu++14";
				CLANG_CXX_LIBRARY = "libc++";
				CLANG_ENABLE_MODULES = YES;
				CLANG_ENABLE_OBJC_ARC = YES;
				CLANG_ENABLE_OBJC_WEAK = YES;
				CLANG_WARN_BLOCK_CAPTURE_AUTORELEASING = YES;
				CLANG_WARN_BOOL_CONVERSION = YES;
				CLANG_WARN_COMMA = YES;
				CLANG_WARN_CONSTANT_CONVERSION = YES;
				CLANG_WARN_DEPRECATED_OBJC_IMPLEMENTATIONS = YES;
				CLANG_WARN_DIRECT_OBJC_ISA_USAGE = YES_ERROR;
				CLANG_WARN_DOCUMENTATION_COMMENTS = YES;
				CLANG_WARN_EMPTY_BODY = YES;
				CLANG_WARN_ENUM_CONVERSION = YES;
				CLANG_WARN_INFINITE_RECURSION = YES;
				CLANG_WARN_INT_CONVERSION = YES;
				CLANG_WARN_NON_LITERAL_NULL_CONVERSION = YES;
				CLANG_WARN_OBJC_IMPLICIT_RETAIN_SELF = YES;
				CLANG_WARN_OBJC_LITERAL_CONVERSION = YES;
				CLANG_WARN_OBJC_ROOT_CLASS = YES_ERROR;
				CLANG_WARN_RANGE_LOOP_ANALYSIS = YES;
				CLANG_WARN_STRICT_PROTOTYPES = YES;
				CLANG_WARN_SUSPICIOUS_MOVE = YES;
				CLANG_WARN_UNGUARDED_AVAILABILITY = YES_AGGRESSIVE;
				CLANG_WARN_UNREACHABLE_CODE = YES;
				CLANG_WARN__DUPLICATE_METHOD_MATCH = YES;
				COPY_PHASE_STRIP = NO;
				CURRENT_PROJECT_VERSION = 1;
				DEBUG_INFORMATION_FORMAT = "dwarf-with-dsym";
				ENABLE_NS_ASSERTIONS = NO;
				ENABLE_STRICT_OBJC_MSGSEND = YES;
				GCC_C_LANGUAGE_STANDARD = gnu11;
				GCC_NO_COMMON_BLOCKS = YES;
				GCC_WARN_64_TO_32_BIT_CONVERSION = YES;
				GCC_WARN_ABOUT_RETURN_TYPE = YES_ERROR;
				GCC_WARN_UNDECLARED_SELECTOR = YES;
				GCC_WARN_UNINITIALIZED_AUTOS = YES_AGGRESSIVE;
				GCC_WARN_UNUSED_FUNCTION = YES;
				GCC_WARN_UNUSED_VARIABLE = YES;
				IPHONEOS_DEPLOYMENT_TARGET = 13.4;
				MTL_ENABLE_DEBUG_INFO = NO;
				MTL_FAST_MATH = YES;
				SDKROOT = iphoneos;
				SWIFT_COMPILATION_MODE = wholemodule;
				SWIFT_OPTIMIZATION_LEVEL = "-O";
				VALIDATE_PRODUCT = YES;
				VERSIONING_SYSTEM = "apple-generic";
				VERSION_INFO_PREFIX = "";
			};
			name = Release;
		};
		F662882424653BBB00D643A8 /* Debug */ = {
			isa = XCBuildConfiguration;
			buildSettings = {
				CODE_SIGN_STYLE = Automatic;
				DEFINES_MODULE = YES;
				DEVELOPMENT_TEAM = JYRFMUKFW6;
				DYLIB_COMPATIBILITY_VERSION = 1;
				DYLIB_CURRENT_VERSION = 1;
				DYLIB_INSTALL_NAME_BASE = "@rpath";
				INFOPLIST_FILE = CombineReactor/Info.plist;
				INSTALL_PATH = "$(LOCAL_LIBRARY_DIR)/Frameworks";
				LD_RUNPATH_SEARCH_PATHS = (
					"$(inherited)",
					"@executable_path/Frameworks",
					"@loader_path/Frameworks",
				);
				MARKETING_VERSION = 0.2;
				PRODUCT_BUNDLE_IDENTIFIER = info.ilendemli.CombineReactor;
				PRODUCT_NAME = "$(TARGET_NAME:c99extidentifier)";
				SKIP_INSTALL = YES;
				SWIFT_VERSION = 5.0;
				TARGETED_DEVICE_FAMILY = "1,2";
			};
			name = Debug;
		};
		F662882524653BBB00D643A8 /* Release */ = {
			isa = XCBuildConfiguration;
			buildSettings = {
				CODE_SIGN_STYLE = Automatic;
				DEFINES_MODULE = YES;
				DEVELOPMENT_TEAM = JYRFMUKFW6;
				DYLIB_COMPATIBILITY_VERSION = 1;
				DYLIB_CURRENT_VERSION = 1;
				DYLIB_INSTALL_NAME_BASE = "@rpath";
				INFOPLIST_FILE = CombineReactor/Info.plist;
				INSTALL_PATH = "$(LOCAL_LIBRARY_DIR)/Frameworks";
				LD_RUNPATH_SEARCH_PATHS = (
					"$(inherited)",
					"@executable_path/Frameworks",
					"@loader_path/Frameworks",
				);
				MARKETING_VERSION = 0.2;
				PRODUCT_BUNDLE_IDENTIFIER = info.ilendemli.CombineReactor;
				PRODUCT_NAME = "$(TARGET_NAME:c99extidentifier)";
				SKIP_INSTALL = YES;
				SWIFT_VERSION = 5.0;
				TARGETED_DEVICE_FAMILY = "1,2";
			};
			name = Release;
		};
		F662882724653BBB00D643A8 /* Debug */ = {
			isa = XCBuildConfiguration;
			buildSettings = {
				CODE_SIGN_STYLE = Automatic;
				DEVELOPMENT_TEAM = JYRFMUKFW6;
				INFOPLIST_FILE = CombineReactorTests/Info.plist;
				LD_RUNPATH_SEARCH_PATHS = (
					"$(inherited)",
					"@executable_path/Frameworks",
					"@loader_path/Frameworks",
				);
				PRODUCT_BUNDLE_IDENTIFIER = info.ilendemli.CombineReactorTests;
				PRODUCT_NAME = "$(TARGET_NAME)";
				SWIFT_VERSION = 5.0;
				TARGETED_DEVICE_FAMILY = "1,2";
			};
			name = Debug;
		};
		F662882824653BBB00D643A8 /* Release */ = {
			isa = XCBuildConfiguration;
			buildSettings = {
				CODE_SIGN_STYLE = Automatic;
				DEVELOPMENT_TEAM = JYRFMUKFW6;
				INFOPLIST_FILE = CombineReactorTests/Info.plist;
				LD_RUNPATH_SEARCH_PATHS = (
					"$(inherited)",
					"@executable_path/Frameworks",
					"@loader_path/Frameworks",
				);
				PRODUCT_BUNDLE_IDENTIFIER = info.ilendemli.CombineReactorTests;
				PRODUCT_NAME = "$(TARGET_NAME)";
				SWIFT_VERSION = 5.0;
				TARGETED_DEVICE_FAMILY = "1,2";
			};
			name = Release;
		};
/* End XCBuildConfiguration section */

/* Begin XCConfigurationList section */
		F662880924653BBA00D643A8 /* Build configuration list for PBXProject "CombineReactor" */ = {
			isa = XCConfigurationList;
			buildConfigurations = (
				F662882124653BBB00D643A8 /* Debug */,
				F662882224653BBB00D643A8 /* Release */,
			);
			defaultConfigurationIsVisible = 0;
			defaultConfigurationName = Release;
		};
		F662882324653BBB00D643A8 /* Build configuration list for PBXNativeTarget "CombineReactor" */ = {
			isa = XCConfigurationList;
			buildConfigurations = (
				F662882424653BBB00D643A8 /* Debug */,
				F662882524653BBB00D643A8 /* Release */,
			);
			defaultConfigurationIsVisible = 0;
			defaultConfigurationName = Release;
		};
		F662882624653BBB00D643A8 /* Build configuration list for PBXNativeTarget "CombineReactorTests" */ = {
			isa = XCConfigurationList;
			buildConfigurations = (
				F662882724653BBB00D643A8 /* Debug */,
				F662882824653BBB00D643A8 /* Release */,
			);
			defaultConfigurationIsVisible = 0;
			defaultConfigurationName = Release;
		};
/* End XCConfigurationList section */
	};
	rootObject = F662880624653BBA00D643A8 /* Project object */;
}
